<Solution>
  <Folder Name="/src/">
    <Project Path="src/ProtectedPayment.Database/ProtectedPayment.Database.csproj" />
    <Project Path="src/ProtectedPayment.Order.API/ProtectedPayment.Order.API.csproj" />
    <Project Path="src/ProtectedPayment.Worker.RabbitMQ/ProtectedPayment.Worker.RabbitMQ.csproj" />
  </Folder>
  <Project Path="docker-compose.dcproj">
    <Build />
  </Project>
</Solution>
